
Microsoft Visual Studio Solution File, Format Version 12.00
# Visual Studio Version 17
VisualStudioVersion = 17.3.32929.385
MinimumVisualStudioVersion = 10.0.40219.1
Project("{FAE04EC0-301F-11D3-BF4B-00C04F79EFBC}") = "Elisity Connect", "Elisity Connect\Elisity Connect.csproj", "{80A206B7-8C26-4F35-88A7-6040D9F7BDAE}"
EndProject
Global
	GlobalSection(SolutionConfigurationPlatforms) = preSolution
		Debug|Any CPU = Debug|Any CPU
		Release|Any CPU = Release|Any CPU
	EndGlobalSection
	GlobalSection(ProjectConfigurationPlatforms) = postSolution
		{80A206B7-8C26-4F35-88A7-6040D9F7BDAE}.Debug|Any CPU.ActiveCfg = Debug|Any CPU
		{80A206B7-8C26-4F35-88A7-6040D9F7BDAE}.Debug|Any CPU.Build.0 = Debug|Any CPU
		{80A206B7-8C26-4F35-88A7-6040D9F7BDAE}.Release|Any CPU.ActiveCfg = Release|Any CPU
		{80A206B7-8C26-4F35-88A7-6040D9F7BDAE}.Release|Any CPU.Build.0 = Release|Any CPU
	EndGlobalSection
	GlobalSection(SolutionProperties) = preSolution
		HideSolutionNode = FALSE
	EndGlobalSection
	GlobalSection(ExtensibilityGlobals) = postSolution
		SolutionGuid = {9268D0BD-C915-4BA6-97CA-A640F0926F4B}
	EndGlobalSection
EndGlobal
